# THIS IS AN AUTOGENERATED FILE. DO NOT EDIT THIS FILE DIRECTLY.
# yarn lockfile v1


"@sindresorhus/is@^0.14.0":
  version "0.14.0"
  resolved "https://registry.npm.taobao.org/@sindresorhus/is/download/@sindresorhus/is-0.14.0.tgz#9fb3a3cf3132328151f353de4632e01e52102bea"
  integrity sha1-n7OjzzEyMoFR81PeRjLgHlIQK+o=

"@szmarczak/http-timer@^1.1.2":
  version "1.1.2"
  resolved "https://registry.npm.taobao.org/@szmarczak/http-timer/download/@szmarczak/http-timer-1.1.2.tgz#b1665e2c461a2cd92f4c1bbf50d5454de0d4b421"
  integrity sha1-sWZeLEYaLNkvTBu/UNVFTeDUtCE=
  dependencies:
    defer-to-connect "^1.0.1"

asynckit@^0.4.0:
  version "0.4.0"
  resolved "https://registry.npm.taobao.org/asynckit/download/asynckit-0.4.0.tgz#c79ed97f7f34cb8f2ba1bc9790bcc366474b4b79"
  integrity sha1-x57Zf380y48robyXkLzDZkdLS3k=

cacheable-request@^6.0.0:
  version "6.1.0"
  resolved "https://registry.npm.taobao.org/cacheable-request/download/cacheable-request-6.1.0.tgz#20ffb8bd162ba4be11e9567d823db651052ca912"
  integrity sha1-IP+4vRYrpL4R6VZ9gj22UQUsqRI=
  dependencies:
    clone-response "^1.0.2"
    get-stream "^5.1.0"
    http-cache-semantics "^4.0.0"
    keyv "^3.0.0"
    lowercase-keys "^2.0.0"
    normalize-url "^4.1.0"
    responselike "^1.0.2"

clone-response@^1.0.2:
  version "1.0.2"
  resolved "https://registry.npm.taobao.org/clone-response/download/clone-response-1.0.2.tgz#d1dc973920314df67fbeb94223b4ee350239e96b"
  integrity sha1-0dyXOSAxTfZ/vrlCI7TuNQI56Ws=
  dependencies:
    mimic-response "^1.0.0"

combined-stream@^1.0.8:
  version "1.0.8"
  resolved "https://registry.npm.taobao.org/combined-stream/download/combined-stream-1.0.8.tgz#c3d45a8b34fd730631a110a8a2520682b31d5a7f"
  integrity sha1-w9RaizT9cwYxoRCoolIGgrMdWn8=
  dependencies:
    delayed-stream "~1.0.0"

core-js@^3.6.4:
  version "3.6.5"
  resolved "https://registry.npm.taobao.org/core-js/download/core-js-3.6.5.tgz#7395dc273af37fb2e50e9bd3d9fe841285231d1a"
  integrity sha1-c5XcJzrzf7LlDpvT2f6EEoUjHRo=

crypto-js@^4.0.0:
  version "4.0.0"
  resolved "https://registry.npm.taobao.org/crypto-js/download/crypto-js-4.0.0.tgz#2904ab2677a9d042856a2ea2ef80de92e4a36dcc"
  integrity sha1-KQSrJnep0EKFai6i74DekuSjbcw=

decode-uri-component@^0.2.0:
  version "0.2.0"
  resolved "https://registry.npm.taobao.org/decode-uri-component/download/decode-uri-component-0.2.0.tgz#eb3913333458775cb84cd1a1fae062106bb87545"
  integrity sha1-6zkTMzRYd1y4TNGh+uBiEGu4dUU=

decompress-response@^3.3.0:
  version "3.3.0"
  resolved "https://registry.npm.taobao.org/decompress-response/download/decompress-response-3.3.0.tgz?cache=0&sync_timestamp=1572616719270&other_urls=https%3A%2F%2Fregistry.npm.taobao.org%2Fdecompress-response%2Fdownload%2Fdecompress-response-3.3.0.tgz#80a4dd323748384bfa248083622aedec982adff3"
  integrity sha1-gKTdMjdIOEv6JICDYirt7Jgq3/M=
  dependencies:
    mimic-response "^1.0.0"

defer-to-connect@^1.0.1:
  version "1.1.3"
  resolved "https://registry.npm.taobao.org/defer-to-connect/download/defer-to-connect-1.1.3.tgz#331ae050c08dcf789f8c83a7b81f0ed94f4ac591"
  integrity sha1-MxrgUMCNz3ifjIOnuB8O2U9KxZE=

delayed-stream@~1.0.0:
  version "1.0.0"
  resolved "https://registry.npm.taobao.org/delayed-stream/download/delayed-stream-1.0.0.tgz#df3ae199acadfb7d440aaae0b29e2272b24ec619"
  integrity sha1-3zrhmayt+31ECqrgsp4icrJOxhk=

duplexer3@^0.1.4:
  version "0.1.4"
  resolved "https://registry.npm.taobao.org/duplexer3/download/duplexer3-0.1.4.tgz#ee01dd1cac0ed3cbc7fdbea37dc0a8f1ce002ce2"
  integrity sha1-7gHdHKwO08vH/b6jfcCo8c4ALOI=

end-of-stream@^1.1.0:
  version "1.4.4"
  resolved "https://registry.npm.taobao.org/end-of-stream/download/end-of-stream-1.4.4.tgz#5ae64a5f45057baf3626ec14da0ca5e4b2431eb0"
  integrity sha1-WuZKX0UFe682JuwU2gyl5LJDHrA=
  dependencies:
    once "^1.4.0"

fanfou-sdk@^4.1.0:
  version "4.1.0"
  resolved "https://registry.npm.taobao.org/fanfou-sdk/download/fanfou-sdk-4.1.0.tgz#f4eca680c900862624888b1c5ad42ce033cba91e"
  integrity sha1-9OymgMkAhiYkiIscWtQs4DPLqR4=
  dependencies:
    form-data "^3.0.0"
    got "^9.5.1"
    he "^1.1.1"
    hmacsha1 "^1.0.0"
    oauth-1.0a "^2.2.5"
    query-string "^6.2.0"

form-data@^3.0.0:
  version "3.0.0"
  resolved "https://registry.npm.taobao.org/form-data/download/form-data-3.0.0.tgz#31b7e39c85f1355b7139ee0c647cf0de7f83c682"
  integrity sha1-MbfjnIXxNVtxOe4MZHzw3n+DxoI=
  dependencies:
    asynckit "^0.4.0"
    combined-stream "^1.0.8"
    mime-types "^2.1.12"

get-stream@^4.1.0:
  version "4.1.0"
  resolved "https://registry.npm.taobao.org/get-stream/download/get-stream-4.1.0.tgz#c1b255575f3dc21d59bfc79cd3d2b46b1c3a54b5"
  integrity sha1-wbJVV189wh1Zv8ec09K0axw6VLU=
  dependencies:
    pump "^3.0.0"

get-stream@^5.1.0:
  version "5.1.0"
  resolved "https://registry.npm.taobao.org/get-stream/download/get-stream-5.1.0.tgz#01203cdc92597f9b909067c3e656cc1f4d3c4dc9"
  integrity sha1-ASA83JJZf5uQkGfD5lbMH008Tck=
  dependencies:
    pump "^3.0.0"

got@^9.5.1:
  version "9.6.0"
  resolved "https://registry.npm.taobao.org/got/download/got-9.6.0.tgz#edf45e7d67f99545705de1f7bbeeeb121765ed85"
  integrity sha1-7fRefWf5lUVwXeH3u+7rEhdl7YU=
  dependencies:
    "@sindresorhus/is" "^0.14.0"
    "@szmarczak/http-timer" "^1.1.2"
    cacheable-request "^6.0.0"
    decompress-response "^3.3.0"
    duplexer3 "^0.1.4"
    get-stream "^4.1.0"
    lowercase-keys "^1.0.1"
    mimic-response "^1.0.1"
    p-cancelable "^1.0.0"
    to-readable-stream "^1.0.0"
    url-parse-lax "^3.0.0"

he@^1.1.1:
  version "1.2.0"
  resolved "https://registry.npm.taobao.org/he/download/he-1.2.0.tgz#84ae65fa7eafb165fddb61566ae14baf05664f0f"
  integrity sha1-hK5l+n6vsWX922FWauFLrwVmTw8=

hmacsha1@^1.0.0:
  version "1.0.0"
  resolved "https://registry.npm.taobao.org/hmacsha1/download/hmacsha1-1.0.0.tgz#c1b7ae03a4ea116348090af14f8148c12938a917"
  integrity sha1-wbeuA6TqEWNICQrxT4FIwSk4qRc=

http-cache-semantics@^4.0.0:
  version "4.1.0"
  resolved "https://registry.npm.taobao.org/http-cache-semantics/download/http-cache-semantics-4.1.0.tgz#49e91c5cbf36c9b94bcfcd71c23d5249ec74e390"
  integrity sha1-SekcXL82yblLz81xwj1SSex045A=

json-buffer@3.0.0:
  version "3.0.0"
  resolved "https://registry.npm.taobao.org/json-buffer/download/json-buffer-3.0.0.tgz#5b1f397afc75d677bde8bcfc0e47e1f9a3d9a898"
  integrity sha1-Wx85evx11ne96Lz8Dkfh+aPZqJg=

keyv@^3.0.0:
  version "3.1.0"
  resolved "https://registry.npm.taobao.org/keyv/download/keyv-3.1.0.tgz#ecc228486f69991e49e9476485a5be1e8fc5c4d9"
  integrity sha1-7MIoSG9pmR5J6UdkhaW+Ho/FxNk=
  dependencies:
    json-buffer "3.0.0"

lodash@^4.17.20:
  version "4.17.20"
  resolved "https://registry.yarnpkg.com/lodash/-/lodash-4.17.20.tgz#b44a9b6297bcb698f1c51a3545a2b3b368d59c52"
  integrity sha512-PlhdFcillOINfeV7Ni6oF1TAEayyZBoZ8bcshTHqOYJYlrqzRK5hagpagky5o4HfCzzd1TRkXPMFq6cKk9rGmA==

lowercase-keys@^1.0.0, lowercase-keys@^1.0.1:
  version "1.0.1"
  resolved "https://registry.npm.taobao.org/lowercase-keys/download/lowercase-keys-1.0.1.tgz#6f9e30b47084d971a7c820ff15a6c5167b74c26f"
  integrity sha1-b54wtHCE2XGnyCD/FabFFnt0wm8=

lowercase-keys@^2.0.0:
  version "2.0.0"
  resolved "https://registry.npm.taobao.org/lowercase-keys/download/lowercase-keys-2.0.0.tgz#2603e78b7b4b0006cbca2fbcc8a3202558ac9479"
  integrity sha1-JgPni3tLAAbLyi+8yKMgJVislHk=

mime-db@1.44.0:
  version "1.44.0"
  resolved "https://registry.npm.taobao.org/mime-db/download/mime-db-1.44.0.tgz#fa11c5eb0aca1334b4233cb4d52f10c5a6272f92"
  integrity sha1-+hHF6wrKEzS0Izy01S8QxaYnL5I=

mime-types@^2.1.12:
  version "2.1.27"
  resolved "https://registry.npm.taobao.org/mime-types/download/mime-types-2.1.27.tgz?cache=0&sync_timestamp=1587700357245&other_urls=https%3A%2F%2Fregistry.npm.taobao.org%2Fmime-types%2Fdownload%2Fmime-types-2.1.27.tgz#47949f98e279ea53119f5722e0f34e529bec009f"
  integrity sha1-R5SfmOJ56lMRn1ci4PNOUpvsAJ8=
  dependencies:
    mime-db "1.44.0"

mimic-response@^1.0.0, mimic-response@^1.0.1:
  version "1.0.1"
  resolved "https://registry.npm.taobao.org/mimic-response/download/mimic-response-1.0.1.tgz?cache=0&sync_timestamp=1581922548032&other_urls=https%3A%2F%2Fregistry.npm.taobao.org%2Fmimic-response%2Fdownload%2Fmimic-response-1.0.1.tgz#4923538878eef42063cb8a3e3b0798781487ab1b"
  integrity sha1-SSNTiHju9CBjy4o+OweYeBSHqxs=

moment@^2.25.3:
  version "2.25.3"
  resolved "https://registry.npm.taobao.org/moment/download/moment-2.25.3.tgz#252ff41319cf41e47761a1a88cab30edfe9808c0"
  integrity sha1-JS/0ExnPQeR3YaGojKsw7f6YCMA=

normalize-url@^4.1.0:
  version "4.5.0"
  resolved "https://registry.npm.taobao.org/normalize-url/download/normalize-url-4.5.0.tgz#453354087e6ca96957bd8f5baf753f5982142129"
  integrity sha1-RTNUCH5sqWlXvY9br3U/WYIUISk=

oauth-1.0a@^2.2.5:
  version "2.2.6"
  resolved "https://registry.npm.taobao.org/oauth-1.0a/download/oauth-1.0a-2.2.6.tgz#eadbccdb3bceea412d24586e6f39b2b412f0e491"
  integrity sha1-6tvM2zvO6kEtJFhubzmytBLw5JE=

once@^1.3.1, once@^1.4.0:
  version "1.4.0"
  resolved "https://registry.npm.taobao.org/once/download/once-1.4.0.tgz#583b1aa775961d4b113ac17d9c50baef9dd76bd1"
  integrity sha1-WDsap3WWHUsROsF9nFC6753Xa9E=
  dependencies:
    wrappy "1"

p-cancelable@^1.0.0:
  version "1.1.0"
  resolved "https://registry.npm.taobao.org/p-cancelable/download/p-cancelable-1.1.0.tgz#d078d15a3af409220c886f1d9a0ca2e441ab26cc"
  integrity sha1-0HjRWjr0CSIMiG8dmgyi5EGrJsw=

prepend-http@^2.0.0:
  version "2.0.0"
  resolved "https://registry.npm.taobao.org/prepend-http/download/prepend-http-2.0.0.tgz#e92434bfa5ea8c19f41cdfd401d741a3c819d897"
  integrity sha1-6SQ0v6XqjBn0HN/UAddBo8gZ2Jc=

pump@^3.0.0:
  version "3.0.0"
  resolved "https://registry.npm.taobao.org/pump/download/pump-3.0.0.tgz#b4a2116815bde2f4e1ea602354e8c75565107a64"
  integrity sha1-tKIRaBW94vTh6mAjVOjHVWUQemQ=
  dependencies:
    end-of-stream "^1.1.0"
    once "^1.3.1"

query-string@^6.2.0:
  version "6.12.1"
  resolved "https://registry.npm.taobao.org/query-string/download/query-string-6.12.1.tgz#2ae4d272db4fba267141665374e49a1de09e8a7c"
  integrity sha1-KuTScttPuiZxQWZTdOSaHeCeinw=
  dependencies:
    decode-uri-component "^0.2.0"
    split-on-first "^1.0.0"
    strict-uri-encode "^2.0.0"

responselike@^1.0.2:
  version "1.0.2"
  resolved "https://registry.npm.taobao.org/responselike/download/responselike-1.0.2.tgz#918720ef3b631c5642be068f15ade5a46f4ba1e7"
  integrity sha1-kYcg7ztjHFZCvgaPFa3lpG9Loec=
  dependencies:
    lowercase-keys "^1.0.0"

split-on-first@^1.0.0:
  version "1.1.0"
  resolved "https://registry.npm.taobao.org/split-on-first/download/split-on-first-1.1.0.tgz#f610afeee3b12bce1d0c30425e76398b78249a5f"
  integrity sha1-9hCv7uOxK84dDDBCXnY5i3gkml8=

strict-uri-encode@^2.0.0:
  version "2.0.0"
  resolved "https://registry.npm.taobao.org/strict-uri-encode/download/strict-uri-encode-2.0.0.tgz#b9c7330c7042862f6b142dc274bbcc5866ce3546"
  integrity sha1-ucczDHBChi9rFC3CdLvMWGbONUY=

to-readable-stream@^1.0.0:
  version "1.0.0"
  resolved "https://registry.npm.taobao.org/to-readable-stream/download/to-readable-stream-1.0.0.tgz#ce0aa0c2f3df6adf852efb404a783e77c0475771"
  integrity sha1-zgqgwvPfat+FLvtASng+d8BHV3E=

url-parse-lax@^3.0.0:
  version "3.0.0"
  resolved "https://registry.npm.taobao.org/url-parse-lax/download/url-parse-lax-3.0.0.tgz#16b5cafc07dbe3676c1b1999177823d6503acb0c"
  integrity sha1-FrXK/Afb42dsGxmZF3gj1lA6yww=
  dependencies:
    prepend-http "^2.0.0"

vue-router@^3.1.6:
  version "3.1.6"
  resolved "https://registry.npm.taobao.org/vue-router/download/vue-router-3.1.6.tgz#45f5a3a3843e31702c061dd829393554e4328f89"
  integrity sha1-RfWjo4Q+MXAsBh3YKTk1VOQyj4k=

vue@^2.6.11:
  version "2.6.11"
  resolved "https://registry.npm.taobao.org/vue/download/vue-2.6.11.tgz?cache=0&sync_timestamp=1588628436900&other_urls=https%3A%2F%2Fregistry.npm.taobao.org%2Fvue%2Fdownload%2Fvue-2.6.11.tgz#76594d877d4b12234406e84e35275c6d514125c5"
  integrity sha1-dllNh31LEiNEBuhONSdcbVFBJcU=

vuetify@^2.2.27:
  version "2.2.27"
  resolved "https://registry.npm.taobao.org/vuetify/download/vuetify-2.2.27.tgz#a28cb6773b7c55cd8e9cedcac06133b886c8eee4"
  integrity sha1-ooy2dzt8Vc2OnO3KwGEzuIbI7uQ=

wrappy@1:
  version "1.0.2"
  resolved "https://registry.npm.taobao.org/wrappy/download/wrappy-1.0.2.tgz#b5243d8f3ec1aa35f1364605bc0d1036e30ab69f"
  integrity sha1-tSQ9jz7BqjXxNkYFvA0QNuMKtp8=
